
Microsoft Visual Studio Solution File, Format Version 12.00
# Visual Studio 15
VisualStudioVersion = 15.0.28010.2048
MinimumVisualStudioVersion = 10.0.40219.1
Project("{FAE04EC0-301F-11D3-BF4B-00C04F79EFBC}") = "WpfApplication9", "WpfApplication9\WpfApplication9.csproj", "{58948A4B-8D92-4E66-B2D7-91BD509A8EF2}"
EndProject
Global
	GlobalSection(SolutionConfigurationPlatforms) = preSolution
		Debug|Any CPU = Debug|Any CPU
		Release|Any CPU = Release|Any CPU
	EndGlobalSection
	GlobalSection(ProjectConfigurationPlatforms) = postSolution
		{58948A4B-8D92-4E66-B2D7-91BD509A8EF2}.Debug|Any CPU.ActiveCfg = Debug|Any CPU
		{58948A4B-8D92-4E66-B2D7-91BD509A8EF2}.Debug|Any CPU.Build.0 = Debug|Any CPU
		{58948A4B-8D92-4E66-B2D7-91BD509A8EF2}.Release|Any CPU.ActiveCfg = Release|Any CPU
		{58948A4B-8D92-4E66-B2D7-91BD509A8EF2}.Release|Any CPU.Build.0 = Release|Any CPU
	EndGlobalSection
	GlobalSection(SolutionProperties) = preSolution
		HideSolutionNode = FALSE
	EndGlobalSection
	GlobalSection(ExtensibilityGlobals) = postSolution
		SolutionGuid = {5F35193E-0C76-4F92-BBE7-76EECD0F7CC0}
	EndGlobalSection
EndGlobal
