
Microsoft Visual Studio Solution File, Format Version 12.00
# Visual Studio 15
VisualStudioVersion = 15.0.28010.2048
MinimumVisualStudioVersion = 10.0.40219.1
Project("{FAE04EC0-301F-11D3-BF4B-00C04F79EFBC}") = "INotifyTest", "INotifyTest\INotifyTest.csproj", "{339B582F-8AF1-49DB-8798-8EE18736DBB0}"
EndProject
Global
	GlobalSection(SolutionConfigurationPlatforms) = preSolution
		Debug|Any CPU = Debug|Any CPU
		Release|Any CPU = Release|Any CPU
	EndGlobalSection
	GlobalSection(ProjectConfigurationPlatforms) = postSolution
		{339B582F-8AF1-49DB-8798-8EE18736DBB0}.Debug|Any CPU.ActiveCfg = Debug|Any CPU
		{339B582F-8AF1-49DB-8798-8EE18736DBB0}.Debug|Any CPU.Build.0 = Debug|Any CPU
		{339B582F-8AF1-49DB-8798-8EE18736DBB0}.Release|Any CPU.ActiveCfg = Release|Any CPU
		{339B582F-8AF1-49DB-8798-8EE18736DBB0}.Release|Any CPU.Build.0 = Release|Any CPU
	EndGlobalSection
	GlobalSection(SolutionProperties) = preSolution
		HideSolutionNode = FALSE
	EndGlobalSection
	GlobalSection(ExtensibilityGlobals) = postSolution
		SolutionGuid = {927E729A-7C4B-4154-86BD-E4D89B0C104F}
	EndGlobalSection
EndGlobal
