
Microsoft Visual Studio Solution File, Format Version 12.00
# Visual Studio 15
VisualStudioVersion = 15.0.28010.2048
MinimumVisualStudioVersion = 10.0.40219.1
Project("{FAE04EC0-301F-11D3-BF4B-00C04F79EFBC}") = "DataBindingSortExam", "DataBindingSortExam\DataBindingSortExam.csproj", "{6F18A37C-85E3-4027-A3CE-8FE51A96CD3C}"
EndProject
Global
	GlobalSection(SolutionConfigurationPlatforms) = preSolution
		Debug|Any CPU = Debug|Any CPU
		Release|Any CPU = Release|Any CPU
	EndGlobalSection
	GlobalSection(ProjectConfigurationPlatforms) = postSolution
		{6F18A37C-85E3-4027-A3CE-8FE51A96CD3C}.Debug|Any CPU.ActiveCfg = Debug|Any CPU
		{6F18A37C-85E3-4027-A3CE-8FE51A96CD3C}.Debug|Any CPU.Build.0 = Debug|Any CPU
		{6F18A37C-85E3-4027-A3CE-8FE51A96CD3C}.Release|Any CPU.ActiveCfg = Release|Any CPU
		{6F18A37C-85E3-4027-A3CE-8FE51A96CD3C}.Release|Any CPU.Build.0 = Release|Any CPU
	EndGlobalSection
	GlobalSection(SolutionProperties) = preSolution
		HideSolutionNode = FALSE
	EndGlobalSection
	GlobalSection(ExtensibilityGlobals) = postSolution
		SolutionGuid = {EAC3FDE3-C6CD-4723-BC63-797A380A26DB}
	EndGlobalSection
EndGlobal
