
Microsoft Visual Studio Solution File, Format Version 12.00
# Visual Studio 15
VisualStudioVersion = 15.0.28010.2048
MinimumVisualStudioVersion = 10.0.40219.1
Project("{FAE04EC0-301F-11D3-BF4B-00C04F79EFBC}") = "RoutedEventDemo", "RoutedEventDemo\RoutedEventDemo.csproj", "{53F6BE42-2241-4DB7-80FC-4F9036B3C589}"
EndProject
Global
	GlobalSection(SolutionConfigurationPlatforms) = preSolution
		Debug|Any CPU = Debug|Any CPU
		Release|Any CPU = Release|Any CPU
	EndGlobalSection
	GlobalSection(ProjectConfigurationPlatforms) = postSolution
		{53F6BE42-2241-4DB7-80FC-4F9036B3C589}.Debug|Any CPU.ActiveCfg = Debug|Any CPU
		{53F6BE42-2241-4DB7-80FC-4F9036B3C589}.Debug|Any CPU.Build.0 = Debug|Any CPU
		{53F6BE42-2241-4DB7-80FC-4F9036B3C589}.Release|Any CPU.ActiveCfg = Release|Any CPU
		{53F6BE42-2241-4DB7-80FC-4F9036B3C589}.Release|Any CPU.Build.0 = Release|Any CPU
	EndGlobalSection
	GlobalSection(SolutionProperties) = preSolution
		HideSolutionNode = FALSE
	EndGlobalSection
	GlobalSection(ExtensibilityGlobals) = postSolution
		SolutionGuid = {AD7DA116-9DF4-401F-B7AC-E2D3EB251B55}
	EndGlobalSection
EndGlobal
