
Microsoft Visual Studio Solution File, Format Version 12.00
# Visual Studio 15
VisualStudioVersion = 15.0.28010.2048
MinimumVisualStudioVersion = 10.0.40219.1
Project("{FAE04EC0-301F-11D3-BF4B-00C04F79EFBC}") = "EventRoutingTest", "EventRoutingTest\EventRoutingTest.csproj", "{C836B512-01D5-4720-908E-5DF582DAFEDC}"
EndProject
Project("{FAE04EC0-301F-11D3-BF4B-00C04F79EFBC}") = "EventRoutingTest2", "EventRoutingTest2\EventRoutingTest2.csproj", "{02418E48-BA5F-4202-AC04-AFD64FFDF759}"
EndProject
Global
	GlobalSection(SolutionConfigurationPlatforms) = preSolution
		Debug|Any CPU = Debug|Any CPU
		Release|Any CPU = Release|Any CPU
	EndGlobalSection
	GlobalSection(ProjectConfigurationPlatforms) = postSolution
		{C836B512-01D5-4720-908E-5DF582DAFEDC}.Debug|Any CPU.ActiveCfg = Debug|Any CPU
		{C836B512-01D5-4720-908E-5DF582DAFEDC}.Debug|Any CPU.Build.0 = Debug|Any CPU
		{C836B512-01D5-4720-908E-5DF582DAFEDC}.Release|Any CPU.ActiveCfg = Release|Any CPU
		{C836B512-01D5-4720-908E-5DF582DAFEDC}.Release|Any CPU.Build.0 = Release|Any CPU
		{02418E48-BA5F-4202-AC04-AFD64FFDF759}.Debug|Any CPU.ActiveCfg = Debug|Any CPU
		{02418E48-BA5F-4202-AC04-AFD64FFDF759}.Debug|Any CPU.Build.0 = Debug|Any CPU
		{02418E48-BA5F-4202-AC04-AFD64FFDF759}.Release|Any CPU.ActiveCfg = Release|Any CPU
		{02418E48-BA5F-4202-AC04-AFD64FFDF759}.Release|Any CPU.Build.0 = Release|Any CPU
	EndGlobalSection
	GlobalSection(SolutionProperties) = preSolution
		HideSolutionNode = FALSE
	EndGlobalSection
	GlobalSection(ExtensibilityGlobals) = postSolution
		SolutionGuid = {6AF1574A-2080-4EC7-A226-293DFF921B94}
	EndGlobalSection
EndGlobal
