
Microsoft Visual Studio Solution File, Format Version 12.00
# Visual Studio 15
VisualStudioVersion = 15.0.28010.2048
MinimumVisualStudioVersion = 10.0.40219.1
Project("{FAE04EC0-301F-11D3-BF4B-00C04F79EFBC}") = "GridTest1", "GridTest1\GridTest1.csproj", "{14C4C15B-32B4-4976-B580-D9EEED2DF666}"
EndProject
Project("{FAE04EC0-301F-11D3-BF4B-00C04F79EFBC}") = "GridTest2", "GridTest2\GridTest2.csproj", "{2482F209-7A3C-4EB7-B3B9-C117B4F02E8E}"
EndProject
Global
	GlobalSection(SolutionConfigurationPlatforms) = preSolution
		Debug|Any CPU = Debug|Any CPU
		Release|Any CPU = Release|Any CPU
	EndGlobalSection
	GlobalSection(ProjectConfigurationPlatforms) = postSolution
		{14C4C15B-32B4-4976-B580-D9EEED2DF666}.Debug|Any CPU.ActiveCfg = Debug|Any CPU
		{14C4C15B-32B4-4976-B580-D9EEED2DF666}.Debug|Any CPU.Build.0 = Debug|Any CPU
		{14C4C15B-32B4-4976-B580-D9EEED2DF666}.Release|Any CPU.ActiveCfg = Release|Any CPU
		{14C4C15B-32B4-4976-B580-D9EEED2DF666}.Release|Any CPU.Build.0 = Release|Any CPU
		{2482F209-7A3C-4EB7-B3B9-C117B4F02E8E}.Debug|Any CPU.ActiveCfg = Debug|Any CPU
		{2482F209-7A3C-4EB7-B3B9-C117B4F02E8E}.Debug|Any CPU.Build.0 = Debug|Any CPU
		{2482F209-7A3C-4EB7-B3B9-C117B4F02E8E}.Release|Any CPU.ActiveCfg = Release|Any CPU
		{2482F209-7A3C-4EB7-B3B9-C117B4F02E8E}.Release|Any CPU.Build.0 = Release|Any CPU
	EndGlobalSection
	GlobalSection(SolutionProperties) = preSolution
		HideSolutionNode = FALSE
	EndGlobalSection
	GlobalSection(ExtensibilityGlobals) = postSolution
		SolutionGuid = {20BA57F8-963B-439E-9CFE-64D2A2DA5371}
	EndGlobalSection
EndGlobal
